
Microsoft Visual Studio Solution File, Format Version 12.00
# Visual Studio Version 17
VisualStudioVersion = 17.11.35431.28
MinimumVisualStudioVersion = 10.0.40219.1
Project("{FAE04EC0-301F-11D3-BF4B-00C04F79EFBC}") = "WhiteLagoon.Web", "WhiteLagoon.Web\WhiteLagoon.Web.csproj", "{479ECE1B-4B1C-4F28-9546-4B089C1E8EDF}"
EndProject
Project("{FAE04EC0-301F-11D3-BF4B-00C04F79EFBC}") = "WhiteLagoon.Domain", "WhiteLagoon.Domain\WhiteLagoon.Domain.csproj", "{E02010CE-DBBB-4489-B869-74559C0852C2}"
EndProject
Project("{FAE04EC0-301F-11D3-BF4B-00C04F79EFBC}") = "WhiteLagoon.Application", "WhiteLagoon.Application\WhiteLagoon.Application.csproj", "{9089E4B5-EC69-478D-9E1B-6BBFC0EFD134}"
EndProject
Project("{FAE04EC0-301F-11D3-BF4B-00C04F79EFBC}") = "WhiteLagoon.Infrastructure", "WhiteLagoon.Infrastructure\WhiteLagoon.Infrastructure.csproj", "{904A8D68-45F3-48B1-A466-D05663335E17}"
EndProject
Global
	GlobalSection(SolutionConfigurationPlatforms) = preSolution
		Debug|Any CPU = Debug|Any CPU
		Release|Any CPU = Release|Any CPU
	EndGlobalSection
	GlobalSection(ProjectConfigurationPlatforms) = postSolution
		{479ECE1B-4B1C-4F28-9546-4B089C1E8EDF}.Debug|Any CPU.ActiveCfg = Debug|Any CPU
		{479ECE1B-4B1C-4F28-9546-4B089C1E8EDF}.Debug|Any CPU.Build.0 = Debug|Any CPU
		{479ECE1B-4B1C-4F28-9546-4B089C1E8EDF}.Release|Any CPU.ActiveCfg = Release|Any CPU
		{479ECE1B-4B1C-4F28-9546-4B089C1E8EDF}.Release|Any CPU.Build.0 = Release|Any CPU
		{E02010CE-DBBB-4489-B869-74559C0852C2}.Debug|Any CPU.ActiveCfg = Debug|Any CPU
		{E02010CE-DBBB-4489-B869-74559C0852C2}.Debug|Any CPU.Build.0 = Debug|Any CPU
		{E02010CE-DBBB-4489-B869-74559C0852C2}.Release|Any CPU.ActiveCfg = Release|Any CPU
		{E02010CE-DBBB-4489-B869-74559C0852C2}.Release|Any CPU.Build.0 = Release|Any CPU
		{9089E4B5-EC69-478D-9E1B-6BBFC0EFD134}.Debug|Any CPU.ActiveCfg = Debug|Any CPU
		{9089E4B5-EC69-478D-9E1B-6BBFC0EFD134}.Debug|Any CPU.Build.0 = Debug|Any CPU
		{9089E4B5-EC69-478D-9E1B-6BBFC0EFD134}.Release|Any CPU.ActiveCfg = Release|Any CPU
		{9089E4B5-EC69-478D-9E1B-6BBFC0EFD134}.Release|Any CPU.Build.0 = Release|Any CPU
		{904A8D68-45F3-48B1-A466-D05663335E17}.Debug|Any CPU.ActiveCfg = Debug|Any CPU
		{904A8D68-45F3-48B1-A466-D05663335E17}.Debug|Any CPU.Build.0 = Debug|Any CPU
		{904A8D68-45F3-48B1-A466-D05663335E17}.Release|Any CPU.ActiveCfg = Release|Any CPU
		{904A8D68-45F3-48B1-A466-D05663335E17}.Release|Any CPU.Build.0 = Release|Any CPU
	EndGlobalSection
	GlobalSection(SolutionProperties) = preSolution
		HideSolutionNode = FALSE
	EndGlobalSection
	GlobalSection(ExtensibilityGlobals) = postSolution
		SolutionGuid = {80FB00BA-D9AE-4587-A8A5-D465A8D66775}
	EndGlobalSection
EndGlobal
